// !$*UTF8*$!
{
	archiveVersion = 1;
	classes = {
	};
	objectVersion = 50;
	objects = {

/* Begin PBXBuildFile section */
		B02724F620D3B8E300C60A74 /* UINavigationBar.swift in Sources */ = {isa = PBXBuildFile; fileRef = B02724F520D3B8E300C60A74 /* UINavigationBar.swift */; };
		B02724F820D3BAEA00C60A74 /* UIAplication.swift in Sources */ = {isa = PBXBuildFile; fileRef = B02724F720D3BAEA00C60A74 /* UIAplication.swift */; };
		B0FC25E920D25F3C009E72D4 /* AppDelegate.swift in Sources */ = {isa = PBXBuildFile; fileRef = B0FC25E820D25F3C009E72D4 /* AppDelegate.swift */; };
		B0FC25EE20D25F3C009E72D4 /* Main.storyboard in Resources */ = {isa = PBXBuildFile; fileRef = B0FC25EC20D25F3C009E72D4 /* Main.storyboard */; };
		B0FC25F020D25F3E009E72D4 /* Assets.xcassets in Resources */ = {isa = PBXBuildFile; fileRef = B0FC25EF20D25F3E009E72D4 /* Assets.xcassets */; };
		B0FC25F320D25F3E009E72D4 /* LaunchScreen.storyboard in Resources */ = {isa = PBXBuildFile; fileRef = B0FC25F120D25F3E009E72D4 /* LaunchScreen.storyboard */; };
		B0FC25FE20D25F3E009E72D4 /* FSVideoPlayerTests.swift in Sources */ = {isa = PBXBuildFile; fileRef = B0FC25FD20D25F3E009E72D4 /* FSVideoPlayerTests.swift */; };
		B0FC262420D2604D009E72D4 /* VideoPlayerInteractor.swift in Sources */ = {isa = PBXBuildFile; fileRef = B0FC261820D2604D009E72D4 /* VideoPlayerInteractor.swift */; };
		B0FC262520D2604D009E72D4 /* VideoPlayerRouter.swift in Sources */ = {isa = PBXBuildFile; fileRef = B0FC261920D2604D009E72D4 /* VideoPlayerRouter.swift */; };
		B0FC262620D2604D009E72D4 /* VideoPlayerPresenter.swift in Sources */ = {isa = PBXBuildFile; fileRef = B0FC261A20D2604D009E72D4 /* VideoPlayerPresenter.swift */; };
		B0FC262820D2604D009E72D4 /* VideoPlayerProtocols.swift in Sources */ = {isa = PBXBuildFile; fileRef = B0FC261C20D2604D009E72D4 /* VideoPlayerProtocols.swift */; };
		B0FC262920D2604D009E72D4 /* VideoPlayerViewController.swift in Sources */ = {isa = PBXBuildFile; fileRef = B0FC261D20D2604D009E72D4 /* VideoPlayerViewController.swift */; };
/* End PBXBuildFile section */

/* Begin PBXContainerItemProxy section */
		B0FC25FA20D25F3E009E72D4 /* PBXContainerItemProxy */ = {
			isa = PBXContainerItemProxy;
			containerPortal = B0FC25DD20D25F3C009E72D4 /* Project object */;
			proxyType = 1;
			remoteGlobalIDString = B0FC25E420D25F3C009E72D4;
			remoteInfo = FSVideoPlayer;
		};
/* End PBXContainerItemProxy section */

/* Begin PBXFileReference section */
		B02724F520D3B8E300C60A74 /* UINavigationBar.swift */ = {isa = PBXFileReference; lastKnownFileType = sourcecode.swift; path = UINavigationBar.swift; sourceTree = "<group>"; };
		B02724F720D3BAEA00C60A74 /* UIAplication.swift */ = {isa = PBXFileReference; lastKnownFileType = sourcecode.swift; path = UIAplication.swift; sourceTree = "<group>"; };
		B0FC25E520D25F3C009E72D4 /* FSVideoPlayer.app */ = {isa = PBXFileReference; explicitFileType = wrapper.application; includeInIndex = 0; path = FSVideoPlayer.app; sourceTree = BUILT_PRODUCTS_DIR; };
		B0FC25E820D25F3C009E72D4 /* AppDelegate.swift */ = {isa = PBXFileReference; lastKnownFileType = sourcecode.swift; path = AppDelegate.swift; sourceTree = "<group>"; };
		B0FC25ED20D25F3C009E72D4 /* Base */ = {isa = PBXFileReference; lastKnownFileType = file.storyboard; name = Base; path = Base.lproj/Main.storyboard; sourceTree = "<group>"; };
		B0FC25EF20D25F3E009E72D4 /* Assets.xcassets */ = {isa = PBXFileReference; lastKnownFileType = folder.assetcatalog; path = Assets.xcassets; sourceTree = "<group>"; };
		B0FC25F220D25F3E009E72D4 /* Base */ = {isa = PBXFileReference; lastKnownFileType = file.storyboard; name = Base; path = Base.lproj/LaunchScreen.storyboard; sourceTree = "<group>"; };
		B0FC25F420D25F3E009E72D4 /* Info.plist */ = {isa = PBXFileReference; lastKnownFileType = text.plist.xml; path = Info.plist; sourceTree = "<group>"; };
		B0FC25F920D25F3E009E72D4 /* FSVideoPlayerTests.xctest */ = {isa = PBXFileReference; explicitFileType = wrapper.cfbundle; includeInIndex = 0; path = FSVideoPlayerTests.xctest; sourceTree = BUILT_PRODUCTS_DIR; };
		B0FC25FD20D25F3E009E72D4 /* FSVideoPlayerTests.swift */ = {isa = PBXFileReference; lastKnownFileType = sourcecode.swift; path = FSVideoPlayerTests.swift; sourceTree = "<group>"; };
		B0FC25FF20D25F3E009E72D4 /* Info.plist */ = {isa = PBXFileReference; lastKnownFileType = text.plist.xml; path = Info.plist; sourceTree = "<group>"; };
		B0FC261820D2604D009E72D4 /* VideoPlayerInteractor.swift */ = {isa = PBXFileReference; fileEncoding = 4; lastKnownFileType = sourcecode.swift; path = VideoPlayerInteractor.swift; sourceTree = "<group>"; };
		B0FC261920D2604D009E72D4 /* VideoPlayerRouter.swift */ = {isa = PBXFileReference; fileEncoding = 4; lastKnownFileType = sourcecode.swift; path = VideoPlayerRouter.swift; sourceTree = "<group>"; };
		B0FC261A20D2604D009E72D4 /* VideoPlayerPresenter.swift */ = {isa = PBXFileReference; fileEncoding = 4; lastKnownFileType = sourcecode.swift; path = VideoPlayerPresenter.swift; sourceTree = "<group>"; };
		B0FC261C20D2604D009E72D4 /* VideoPlayerProtocols.swift */ = {isa = PBXFileReference; fileEncoding = 4; lastKnownFileType = sourcecode.swift; path = VideoPlayerProtocols.swift; sourceTree = "<group>"; };
		B0FC261D20D2604D009E72D4 /* VideoPlayerViewController.swift */ = {isa = PBXFileReference; fileEncoding = 4; lastKnownFileType = sourcecode.swift; path = VideoPlayerViewController.swift; sourceTree = "<group>"; };
/* End PBXFileReference section */

/* Begin PBXFrameworksBuildPhase section */
		B0FC25E220D25F3C009E72D4 /* Frameworks */ = {
			isa = PBXFrameworksBuildPhase;
			buildActionMask = 2147483647;
			files = (
			);
			runOnlyForDeploymentPostprocessing = 0;
		};
		B0FC25F620D25F3E009E72D4 /* Frameworks */ = {
			isa = PBXFrameworksBuildPhase;
			buildActionMask = 2147483647;
			files = (
			);
			runOnlyForDeploymentPostprocessing = 0;
		};
/* End PBXFrameworksBuildPhase section */

/* Begin PBXGroup section */
		B02724F420D3B8C200C60A74 /* Extensions */ = {
			isa = PBXGroup;
			children = (
				B02724F520D3B8E300C60A74 /* UINavigationBar.swift */,
				B02724F720D3BAEA00C60A74 /* UIAplication.swift */,
			);
			path = Extensions;
			sourceTree = "<group>";
		};
		B0FC25DC20D25F3C009E72D4 = {
			isa = PBXGroup;
			children = (
				B0FC25E720D25F3C009E72D4 /* FSVideoPlayer */,
				B0FC25FC20D25F3E009E72D4 /* FSVideoPlayerTests */,
				B0FC25E620D25F3C009E72D4 /* Products */,
			);
			sourceTree = "<group>";
		};
		B0FC25E620D25F3C009E72D4 /* Products */ = {
			isa = PBXGroup;
			children = (
				B0FC25E520D25F3C009E72D4 /* FSVideoPlayer.app */,
				B0FC25F920D25F3E009E72D4 /* FSVideoPlayerTests.xctest */,
			);
			name = Products;
			sourceTree = "<group>";
		};
		B0FC25E720D25F3C009E72D4 /* FSVideoPlayer */ = {
			isa = PBXGroup;
			children = (
				B02724F420D3B8C200C60A74 /* Extensions */,
				B0FC25E820D25F3C009E72D4 /* AppDelegate.swift */,
				B0FC261720D2604C009E72D4 /* VideoPlayer */,
				B0FC25EC20D25F3C009E72D4 /* Main.storyboard */,
				B0FC25EF20D25F3E009E72D4 /* Assets.xcassets */,
				B0FC25F120D25F3E009E72D4 /* LaunchScreen.storyboard */,
				B0FC25F420D25F3E009E72D4 /* Info.plist */,
			);
			path = FSVideoPlayer;
			sourceTree = "<group>";
		};
		B0FC25FC20D25F3E009E72D4 /* FSVideoPlayerTests */ = {
			isa = PBXGroup;
			children = (
				B0FC25FD20D25F3E009E72D4 /* FSVideoPlayerTests.swift */,
				B0FC25FF20D25F3E009E72D4 /* Info.plist */,
			);
			path = FSVideoPlayerTests;
			sourceTree = "<group>";
		};
		B0FC261720D2604C009E72D4 /* VideoPlayer */ = {
			isa = PBXGroup;
			children = (
				B0FC261820D2604D009E72D4 /* VideoPlayerInteractor.swift */,
				B0FC261920D2604D009E72D4 /* VideoPlayerRouter.swift */,
				B0FC261A20D2604D009E72D4 /* VideoPlayerPresenter.swift */,
				B0FC261C20D2604D009E72D4 /* VideoPlayerProtocols.swift */,
				B0FC261D20D2604D009E72D4 /* VideoPlayerViewController.swift */,
			);
			path = VideoPlayer;
			sourceTree = "<group>";
		};
/* End PBXGroup section */

/* Begin PBXNativeTarget section */
		B0FC25E420D25F3C009E72D4 /* FSVideoPlayer */ = {
			isa = PBXNativeTarget;
			buildConfigurationList = B0FC260220D25F3E009E72D4 /* Build configuration list for PBXNativeTarget "FSVideoPlayer" */;
			buildPhases = (
				B0FC25E120D25F3C009E72D4 /* Sources */,
				B0FC25E220D25F3C009E72D4 /* Frameworks */,
				B0FC25E320D25F3C009E72D4 /* Resources */,
			);
			buildRules = (
			);
			dependencies = (
			);
			name = FSVideoPlayer;
			productName = FSVideoPlayer;
			productReference = B0FC25E520D25F3C009E72D4 /* FSVideoPlayer.app */;
			productType = "com.apple.product-type.application";
		};
		B0FC25F820D25F3E009E72D4 /* FSVideoPlayerTests */ = {
			isa = PBXNativeTarget;
			buildConfigurationList = B0FC260520D25F3E009E72D4 /* Build configuration list for PBXNativeTarget "FSVideoPlayerTests" */;
			buildPhases = (
				B0FC25F520D25F3E009E72D4 /* Sources */,
				B0FC25F620D25F3E009E72D4 /* Frameworks */,
				B0FC25F720D25F3E009E72D4 /* Resources */,
			);
			buildRules = (
			);
			dependencies = (
				B0FC25FB20D25F3E009E72D4 /* PBXTargetDependency */,
			);
			name = FSVideoPlayerTests;
			productName = FSVideoPlayerTests;
			productReference = B0FC25F920D25F3E009E72D4 /* FSVideoPlayerTests.xctest */;
			productType = "com.apple.product-type.bundle.unit-test";
		};
/* End PBXNativeTarget section */

/* Begin PBXProject section */
		B0FC25DD20D25F3C009E72D4 /* Project object */ = {
			isa = PBXProject;
			attributes = {
				LastSwiftUpdateCheck = 0930;
				LastUpgradeCheck = 0930;
				ORGANIZATIONNAME = IG;
				TargetAttributes = {
					B0FC25E420D25F3C009E72D4 = {
						CreatedOnToolsVersion = 9.3;
					};
					B0FC25F820D25F3E009E72D4 = {
						CreatedOnToolsVersion = 9.3;
						TestTargetID = B0FC25E420D25F3C009E72D4;
					};
				};
			};
			buildConfigurationList = B0FC25E020D25F3C009E72D4 /* Build configuration list for PBXProject "FSVideoPlayer" */;
			compatibilityVersion = "Xcode 9.3";
			developmentRegion = en;
			hasScannedForEncodings = 0;
			knownRegions = (
				en,
				Base,
			);
			mainGroup = B0FC25DC20D25F3C009E72D4;
			productRefGroup = B0FC25E620D25F3C009E72D4 /* Products */;
			projectDirPath = "";
			projectRoot = "";
			targets = (
				B0FC25E420D25F3C009E72D4 /* FSVideoPlayer */,
				B0FC25F820D25F3E009E72D4 /* FSVideoPlayerTests */,
			);
		};
/* End PBXProject section */

/* Begin PBXResourcesBuildPhase section */
		B0FC25E320D25F3C009E72D4 /* Resources */ = {
			isa = PBXResourcesBuildPhase;
			buildActionMask = 2147483647;
			files = (
				B0FC25F320D25F3E009E72D4 /* LaunchScreen.storyboard in Resources */,
				B0FC25F020D25F3E009E72D4 /* Assets.xcassets in Resources */,
				B0FC25EE20D25F3C009E72D4 /* Main.storyboard in Resources */,
			);
			runOnlyForDeploymentPostprocessing = 0;
		};
		B0FC25F720D25F3E009E72D4 /* Resources */ = {
			isa = PBXResourcesBuildPhase;
			buildActionMask = 2147483647;
			files = (
			);
			runOnlyForDeploymentPostprocessing = 0;
		};
/* End PBXResourcesBuildPhase section */

/* Begin PBXSourcesBuildPhase section */
		B0FC25E120D25F3C009E72D4 /* Sources */ = {
			isa = PBXSourcesBuildPhase;
			buildActionMask = 2147483647;
			files = (
				B0FC25E920D25F3C009E72D4 /* AppDelegate.swift in Sources */,
				B0FC262920D2604D009E72D4 /* VideoPlayerViewController.swift in Sources */,
				B0FC262420D2604D009E72D4 /* VideoPlayerInteractor.swift in Sources */,
				B0FC262520D2604D009E72D4 /* VideoPlayerRouter.swift in Sources */,
				B02724F620D3B8E300C60A74 /* UINavigationBar.swift in Sources */,
				B0FC262820D2604D009E72D4 /* VideoPlayerProtocols.swift in Sources */,
				B0FC262620D2604D009E72D4 /* VideoPlayerPresenter.swift in Sources */,
				B02724F820D3BAEA00C60A74 /* UIAplication.swift in Sources */,
			);
			runOnlyForDeploymentPostprocessing = 0;
		};
		B0FC25F520D25F3E009E72D4 /* Sources */ = {
			isa = PBXSourcesBuildPhase;
			buildActionMask = 2147483647;
			files = (
				B0FC25FE20D25F3E009E72D4 /* FSVideoPlayerTests.swift in Sources */,
			);
			runOnlyForDeploymentPostprocessing = 0;
		};
/* End PBXSourcesBuildPhase section */

/* Begin PBXTargetDependency section */
		B0FC25FB20D25F3E009E72D4 /* PBXTargetDependency */ = {
			isa = PBXTargetDependency;
			target = B0FC25E420D25F3C009E72D4 /* FSVideoPlayer */;
			targetProxy = B0FC25FA20D25F3E009E72D4 /* PBXContainerItemProxy */;
		};
/* End PBXTargetDependency section */

/* Begin PBXVariantGroup section */
		B0FC25EC20D25F3C009E72D4 /* Main.storyboard */ = {
			isa = PBXVariantGroup;
			children = (
				B0FC25ED20D25F3C009E72D4 /* Base */,
			);
			name = Main.storyboard;
			sourceTree = "<group>";
		};
		B0FC25F120D25F3E009E72D4 /* LaunchScreen.storyboard */ = {
			isa = PBXVariantGroup;
			children = (
				B0FC25F220D25F3E009E72D4 /* Base */,
			);
			name = LaunchScreen.storyboard;
			sourceTree = "<group>";
		};
/* End PBXVariantGroup section */

/* Begin XCBuildConfiguration section */
		B0FC260020D25F3E009E72D4 /* Debug */ = {
			isa = XCBuildConfiguration;
			buildSettings = {
				ALWAYS_SEARCH_USER_PATHS = NO;
				CLANG_ANALYZER_NONNULL = YES;
				CLANG_ANALYZER_NUMBER_OBJECT_CONVERSION = YES_AGGRESSIVE;
				CLANG_CXX_LANGUAGE_STANDARD = "gnu++14";
				CLANG_CXX_LIBRARY = "libc++";
				CLANG_ENABLE_MODULES = YES;
				CLANG_ENABLE_OBJC_ARC = YES;
				CLANG_ENABLE_OBJC_WEAK = YES;
				CLANG_WARN_BLOCK_CAPTURE_AUTORELEASING = YES;
				CLANG_WARN_BOOL_CONVERSION = YES;
				CLANG_WARN_COMMA = YES;
				CLANG_WARN_CONSTANT_CONVERSION = YES;
				CLANG_WARN_DEPRECATED_OBJC_IMPLEMENTATIONS = YES;
				CLANG_WARN_DIRECT_OBJC_ISA_USAGE = YES_ERROR;
				CLANG_WARN_DOCUMENTATION_COMMENTS = YES;
				CLANG_WARN_EMPTY_BODY = YES;
				CLANG_WARN_ENUM_CONVERSION = YES;
				CLANG_WARN_INFINITE_RECURSION = YES;
				CLANG_WARN_INT_CONVERSION = YES;
				CLANG_WARN_NON_LITERAL_NULL_CONVERSION = YES;
				CLANG_WARN_OBJC_IMPLICIT_RETAIN_SELF = YES;
				CLANG_WARN_OBJC_LITERAL_CONVERSION = YES;
				CLANG_WARN_OBJC_ROOT_CLASS = YES_ERROR;
				CLANG_WARN_RANGE_LOOP_ANALYSIS = YES;
				CLANG_WARN_STRICT_PROTOTYPES = YES;
				CLANG_WARN_SUSPICIOUS_MOVE = YES;
				CLANG_WARN_UNGUARDED_AVAILABILITY = YES_AGGRESSIVE;
				CLANG_WARN_UNREACHABLE_CODE = YES;
				CLANG_WARN__DUPLICATE_METHOD_MATCH = YES;
				CODE_SIGN_IDENTITY = "iPhone Developer";
				COPY_PHASE_STRIP = NO;
				DEBUG_INFORMATION_FORMAT = dwarf;
				ENABLE_STRICT_OBJC_MSGSEND = YES;
				ENABLE_TESTABILITY = YES;
				GCC_C_LANGUAGE_STANDARD = gnu11;
				GCC_DYNAMIC_NO_PIC = NO;
				GCC_NO_COMMON_BLOCKS = YES;
				GCC_OPTIMIZATION_LEVEL = 0;
				GCC_PREPROCESSOR_DEFINITIONS = (
					"DEBUG=1",
					"$(inherited)",
				);
				GCC_WARN_64_TO_32_BIT_CONVERSION = YES;
				GCC_WARN_ABOUT_RETURN_TYPE = YES_ERROR;
				GCC_WARN_UNDECLARED_SELECTOR = YES;
				GCC_WARN_UNINITIALIZED_AUTOS = YES_AGGRESSIVE;
				GCC_WARN_UNUSED_FUNCTION = YES;
				GCC_WARN_UNUSED_VARIABLE = YES;
				IPHONEOS_DEPLOYMENT_TARGET = 11.3;
				MTL_ENABLE_DEBUG_INFO = YES;
				ONLY_ACTIVE_ARCH = YES;
				SDKROOT = iphoneos;
				SWIFT_ACTIVE_COMPILATION_CONDITIONS = DEBUG;
				SWIFT_OPTIMIZATION_LEVEL = "-Onone";
			};
			name = Debug;
		};
		B0FC260120D25F3E009E72D4 /* Release */ = {
			isa = XCBuildConfiguration;
			buildSettings = {
				ALWAYS_SEARCH_USER_PATHS = NO;
				CLANG_ANALYZER_NONNULL = YES;
				CLANG_ANALYZER_NUMBER_OBJECT_CONVERSION = YES_AGGRESSIVE;
				CLANG_CXX_LANGUAGE_STANDARD = "gnu++14";
				CLANG_CXX_LIBRARY = "libc++";
				CLANG_ENABLE_MODULES = YES;
				CLANG_ENABLE_OBJC_ARC = YES;
				CLANG_ENABLE_OBJC_WEAK = YES;
				CLANG_WARN_BLOCK_CAPTURE_AUTORELEASING = YES;
				CLANG_WARN_BOOL_CONVERSION = YES;
				CLANG_WARN_COMMA = YES;
				CLANG_WARN_CONSTANT_CONVERSION = YES;
				CLANG_WARN_DEPRECATED_OBJC_IMPLEMENTATIONS = YES;
				CLANG_WARN_DIRECT_OBJC_ISA_USAGE = YES_ERROR;
				CLANG_WARN_DOCUMENTATION_COMMENTS = YES;
				CLANG_WARN_EMPTY_BODY = YES;
				CLANG_WARN_ENUM_CONVERSION = YES;
				CLANG_WARN_INFINITE_RECURSION = YES;
				CLANG_WARN_INT_CONVERSION = YES;
				CLANG_WARN_NON_LITERAL_NULL_CONVERSION = YES;
				CLANG_WARN_OBJC_IMPLICIT_RETAIN_SELF = YES;
				CLANG_WARN_OBJC_LITERAL_CONVERSION = YES;
				CLANG_WARN_OBJC_ROOT_CLASS = YES_ERROR;
				CLANG_WARN_RANGE_LOOP_ANALYSIS = YES;
				CLANG_WARN_STRICT_PROTOTYPES = YES;
				CLANG_WARN_SUSPICIOUS_MOVE = YES;
				CLANG_WARN_UNGUARDED_AVAILABILITY = YES_AGGRESSIVE;
				CLANG_WARN_UNREACHABLE_CODE = YES;
				CLANG_WARN__DUPLICATE_METHOD_MATCH = YES;
				CODE_SIGN_IDENTITY = "iPhone Developer";
				COPY_PHASE_STRIP = NO;
				DEBUG_INFORMATION_FORMAT = "dwarf-with-dsym";
				ENABLE_NS_ASSERTIONS = NO;
				ENABLE_STRICT_OBJC_MSGSEND = YES;
				GCC_C_LANGUAGE_STANDARD = gnu11;
				GCC_NO_COMMON_BLOCKS = YES;
				GCC_WARN_64_TO_32_BIT_CONVERSION = YES;
				GCC_WARN_ABOUT_RETURN_TYPE = YES_ERROR;
				GCC_WARN_UNDECLARED_SELECTOR = YES;
				GCC_WARN_UNINITIALIZED_AUTOS = YES_AGGRESSIVE;
				GCC_WARN_UNUSED_FUNCTION = YES;
				GCC_WARN_UNUSED_VARIABLE = YES;
				IPHONEOS_DEPLOYMENT_TARGET = 11.3;
				MTL_ENABLE_DEBUG_INFO = NO;
				SDKROOT = iphoneos;
				SWIFT_COMPILATION_MODE = wholemodule;
				SWIFT_OPTIMIZATION_LEVEL = "-O";
				VALIDATE_PRODUCT = YES;
			};
			name = Release;
		};
		B0FC260320D25F3E009E72D4 /* Debug */ = {
			isa = XCBuildConfiguration;
			buildSettings = {
				ASSETCATALOG_COMPILER_APPICON_NAME = AppIcon;
				CODE_SIGN_STYLE = Automatic;
				DEVELOPMENT_TEAM = YJ7WEU84RH;
				INFOPLIST_FILE = FSVideoPlayer/Info.plist;
				LD_RUNPATH_SEARCH_PATHS = (
					"$(inherited)",
					"@executable_path/Frameworks",
				);
				PRODUCT_BUNDLE_IDENTIFIER = IG.FSVideoPlayer;
				PRODUCT_NAME = "$(TARGET_NAME)";
				SWIFT_VERSION = 4.0;
				TARGETED_DEVICE_FAMILY = "1,2";
			};
			name = Debug;
		};
		B0FC260420D25F3E009E72D4 /* Release */ = {
			isa = XCBuildConfiguration;
			buildSettings = {
				ASSETCATALOG_COMPILER_APPICON_NAME = AppIcon;
				CODE_SIGN_STYLE = Automatic;
				DEVELOPMENT_TEAM = YJ7WEU84RH;
				INFOPLIST_FILE = FSVideoPlayer/Info.plist;
				LD_RUNPATH_SEARCH_PATHS = (
					"$(inherited)",
					"@executable_path/Frameworks",
				);
				PRODUCT_BUNDLE_IDENTIFIER = IG.FSVideoPlayer;
				PRODUCT_NAME = "$(TARGET_NAME)";
				SWIFT_VERSION = 4.0;
				TARGETED_DEVICE_FAMILY = "1,2";
			};
			name = Release;
		};
		B0FC260620D25F3E009E72D4 /* Debug */ = {
			isa = XCBuildConfiguration;
			buildSettings = {
				ALWAYS_EMBED_SWIFT_STANDARD_LIBRARIES = YES;
				BUNDLE_LOADER = "$(TEST_HOST)";
				CODE_SIGN_STYLE = Automatic;
				DEVELOPMENT_TEAM = YJ7WEU84RH;
				INFOPLIST_FILE = FSVideoPlayerTests/Info.plist;
				LD_RUNPATH_SEARCH_PATHS = (
					"$(inherited)",
					"@executable_path/Frameworks",
					"@loader_path/Frameworks",
				);
				PRODUCT_BUNDLE_IDENTIFIER = IG.FSVideoPlayerTests;
				PRODUCT_NAME = "$(TARGET_NAME)";
				SWIFT_VERSION = 4.0;
				TARGETED_DEVICE_FAMILY = "1,2";
				TEST_HOST = "$(BUILT_PRODUCTS_DIR)/FSVideoPlayer.app/FSVideoPlayer";
			};
			name = Debug;
		};
		B0FC260720D25F3E009E72D4 /* Release */ = {
			isa = XCBuildConfiguration;
			buildSettings = {
				ALWAYS_EMBED_SWIFT_STANDARD_LIBRARIES = YES;
				BUNDLE_LOADER = "$(TEST_HOST)";
				CODE_SIGN_STYLE = Automatic;
				DEVELOPMENT_TEAM = YJ7WEU84RH;
				INFOPLIST_FILE = FSVideoPlayerTests/Info.plist;
				LD_RUNPATH_SEARCH_PATHS = (
					"$(inherited)",
					"@executable_path/Frameworks",
					"@loader_path/Frameworks",
				);
				PRODUCT_BUNDLE_IDENTIFIER = IG.FSVideoPlayerTests;
				PRODUCT_NAME = "$(TARGET_NAME)";
				SWIFT_VERSION = 4.0;
				TARGETED_DEVICE_FAMILY = "1,2";
				TEST_HOST = "$(BUILT_PRODUCTS_DIR)/FSVideoPlayer.app/FSVideoPlayer";
			};
			name = Release;
		};
/* End XCBuildConfiguration section */

/* Begin XCConfigurationList section */
		B0FC25E020D25F3C009E72D4 /* Build configuration list for PBXProject "FSVideoPlayer" */ = {
			isa = XCConfigurationList;
			buildConfigurations = (
				B0FC260020D25F3E009E72D4 /* Debug */,
				B0FC260120D25F3E009E72D4 /* Release */,
			);
			defaultConfigurationIsVisible = 0;
			defaultConfigurationName = Release;
		};
		B0FC260220D25F3E009E72D4 /* Build configuration list for PBXNativeTarget "FSVideoPlayer" */ = {
			isa = XCConfigurationList;
			buildConfigurations = (
				B0FC260320D25F3E009E72D4 /* Debug */,
				B0FC260420D25F3E009E72D4 /* Release */,
			);
			defaultConfigurationIsVisible = 0;
			defaultConfigurationName = Release;
		};
		B0FC260520D25F3E009E72D4 /* Build configuration list for PBXNativeTarget "FSVideoPlayerTests" */ = {
			isa = XCConfigurationList;
			buildConfigurations = (
				B0FC260620D25F3E009E72D4 /* Debug */,
				B0FC260720D25F3E009E72D4 /* Release */,
			);
			defaultConfigurationIsVisible = 0;
			defaultConfigurationName = Release;
		};
/* End XCConfigurationList section */
	};
	rootObject = B0FC25DD20D25F3C009E72D4 /* Project object */;
}
